
Microsoft Visual Studio Solution File, Format Version 12.00
# Visual Studio Version 17
VisualStudioVersion = 17.7.34024.191
MinimumVisualStudioVersion = 10.0.40219.1
Project("{FAE04EC0-301F-11D3-BF4B-00C04F79EFBC}") = "WindowsFormsApp2", "WindowsFormsApp2\WindowsFormsApp2.csproj", "{F9583E5F-440D-47F1-AF29-B85B463D2C58}"
EndProject
Global
	GlobalSection(SolutionConfigurationPlatforms) = preSolution
		Debug|Any CPU = Debug|Any CPU
		Release|Any CPU = Release|Any CPU
	EndGlobalSection
	GlobalSection(ProjectConfigurationPlatforms) = postSolution
		{F9583E5F-440D-47F1-AF29-B85B463D2C58}.Debug|Any CPU.ActiveCfg = Debug|Any CPU
		{F9583E5F-440D-47F1-AF29-B85B463D2C58}.Debug|Any CPU.Build.0 = Debug|Any CPU
		{F9583E5F-440D-47F1-AF29-B85B463D2C58}.Release|Any CPU.ActiveCfg = Release|Any CPU
		{F9583E5F-440D-47F1-AF29-B85B463D2C58}.Release|Any CPU.Build.0 = Release|Any CPU
	EndGlobalSection
	GlobalSection(SolutionProperties) = preSolution
		HideSolutionNode = FALSE
	EndGlobalSection
	GlobalSection(ExtensibilityGlobals) = postSolution
		SolutionGuid = {B3C27B75-AD34-4E60-8B9A-5D1AB98DC373}
	EndGlobalSection
EndGlobal
